// !$*UTF8*$!
{
	archiveVersion = 1;
	classes = {
	};
	objectVersion = 46;
	objects = {

/* Begin PBXBuildFile section */
		F3817AC01A095C6400485D12 /* BLE.m in Sources */ = {isa = PBXBuildFile; fileRef = F3817ABE1A095C6400485D12 /* BLE.m */; };
		F3BADAEB1A1BE2E700A2DD3B /* UIKit.framework in Frameworks */ = {isa = PBXBuildFile; fileRef = F3BADAEA1A1BE2E700A2DD3B /* UIKit.framework */; };
		F3BADAED1A1BE2EC00A2DD3B /* QuartzCore.framework in Frameworks */ = {isa = PBXBuildFile; fileRef = F3BADAEC1A1BE2EC00A2DD3B /* QuartzCore.framework */; };
		F3EEC5D01A02B5010051E5B8 /* main.m in Sources */ = {isa = PBXBuildFile; fileRef = F3EEC5CF1A02B5010051E5B8 /* main.m */; };
		F3EEC5D31A02B5010051E5B8 /* AppDelegate.m in Sources */ = {isa = PBXBuildFile; fileRef = F3EEC5D21A02B5010051E5B8 /* AppDelegate.m */; };
		F3EEC5D61A02B5010051E5B8 /* ViewController.m in Sources */ = {isa = PBXBuildFile; fileRef = F3EEC5D51A02B5010051E5B8 /* ViewController.m */; };
		F3EEC5D91A02B5010051E5B8 /* Main.storyboard in Resources */ = {isa = PBXBuildFile; fileRef = F3EEC5D71A02B5010051E5B8 /* Main.storyboard */; };
		F3EEC5DB1A02B5010051E5B8 /* Images.xcassets in Resources */ = {isa = PBXBuildFile; fileRef = F3EEC5DA1A02B5010051E5B8 /* Images.xcassets */; };
		F3EEC5DE1A02B5010051E5B8 /* LaunchScreen.xib in Resources */ = {isa = PBXBuildFile; fileRef = F3EEC5DC1A02B5010051E5B8 /* LaunchScreen.xib */; };
		F3EEC5EA1A02B5020051E5B8 /* BasketballRobotControllerTests.m in Sources */ = {isa = PBXBuildFile; fileRef = F3EEC5E91A02B5020051E5B8 /* BasketballRobotControllerTests.m */; };
/* End PBXBuildFile section */

/* Begin PBXContainerItemProxy section */
		F3EEC5E41A02B5010051E5B8 /* PBXContainerItemProxy */ = {
			isa = PBXContainerItemProxy;
			containerPortal = F3EEC5C21A02B5010051E5B8 /* Project object */;
			proxyType = 1;
			remoteGlobalIDString = F3EEC5C91A02B5010051E5B8;
			remoteInfo = BasketballRobotController;
		};
/* End PBXContainerItemProxy section */

/* Begin PBXFileReference section */
		F3817ABD1A095C6400485D12 /* BLE.h */ = {isa = PBXFileReference; fileEncoding = 4; lastKnownFileType = sourcecode.c.h; path = BLE.h; sourceTree = "<group>"; };
		F3817ABE1A095C6400485D12 /* BLE.m */ = {isa = PBXFileReference; fileEncoding = 4; lastKnownFileType = sourcecode.c.objc; path = BLE.m; sourceTree = "<group>"; };
		F3817ABF1A095C6400485D12 /* BLEDefines.h */ = {isa = PBXFileReference; fileEncoding = 4; lastKnownFileType = sourcecode.c.h; path = BLEDefines.h; sourceTree = "<group>"; };
		F3BADAEA1A1BE2E700A2DD3B /* UIKit.framework */ = {isa = PBXFileReference; lastKnownFileType = wrapper.framework; name = UIKit.framework; path = System/Library/Frameworks/UIKit.framework; sourceTree = SDKROOT; };
		F3BADAEC1A1BE2EC00A2DD3B /* QuartzCore.framework */ = {isa = PBXFileReference; lastKnownFileType = wrapper.framework; name = QuartzCore.framework; path = System/Library/Frameworks/QuartzCore.framework; sourceTree = SDKROOT; };
		F3EEC5CA1A02B5010051E5B8 /* BasketballRobotController.app */ = {isa = PBXFileReference; explicitFileType = wrapper.application; includeInIndex = 0; path = BasketballRobotController.app; sourceTree = BUILT_PRODUCTS_DIR; };
		F3EEC5CE1A02B5010051E5B8 /* Info.plist */ = {isa = PBXFileReference; lastKnownFileType = text.plist.xml; path = Info.plist; sourceTree = "<group>"; };
		F3EEC5CF1A02B5010051E5B8 /* main.m */ = {isa = PBXFileReference; lastKnownFileType = sourcecode.c.objc; path = main.m; sourceTree = "<group>"; };
		F3EEC5D11A02B5010051E5B8 /* AppDelegate.h */ = {isa = PBXFileReference; lastKnownFileType = sourcecode.c.h; path = AppDelegate.h; sourceTree = "<group>"; };
		F3EEC5D21A02B5010051E5B8 /* AppDelegate.m */ = {isa = PBXFileReference; lastKnownFileType = sourcecode.c.objc; path = AppDelegate.m; sourceTree = "<group>"; };
		F3EEC5D41A02B5010051E5B8 /* ViewController.h */ = {isa = PBXFileReference; lastKnownFileType = sourcecode.c.h; path = ViewController.h; sourceTree = "<group>"; };
		F3EEC5D51A02B5010051E5B8 /* ViewController.m */ = {isa = PBXFileReference; lastKnownFileType = sourcecode.c.objc; path = ViewController.m; sourceTree = "<group>"; };
		F3EEC5D81A02B5010051E5B8 /* Base */ = {isa = PBXFileReference; lastKnownFileType = file.storyboard; name = Base; path = Base.lproj/Main.storyboard; sourceTree = "<group>"; };
		F3EEC5DA1A02B5010051E5B8 /* Images.xcassets */ = {isa = PBXFileReference; lastKnownFileType = folder.assetcatalog; path = Images.xcassets; sourceTree = "<group>"; };
		F3EEC5DD1A02B5010051E5B8 /* Base */ = {isa = PBXFileReference; lastKnownFileType = file.xib; name = Base; path = Base.lproj/LaunchScreen.xib; sourceTree = "<group>"; };
		F3EEC5E31A02B5010051E5B8 /* BasketballRobotControllerTests.xctest */ = {isa = PBXFileReference; explicitFileType = wrapper.cfbundle; includeInIndex = 0; path = BasketballRobotControllerTests.xctest; sourceTree = BUILT_PRODUCTS_DIR; };
		F3EEC5E81A02B5020051E5B8 /* Info.plist */ = {isa = PBXFileReference; lastKnownFileType = text.plist.xml; path = Info.plist; sourceTree = "<group>"; };
		F3EEC5E91A02B5020051E5B8 /* BasketballRobotControllerTests.m */ = {isa = PBXFileReference; lastKnownFileType = sourcecode.c.objc; path = BasketballRobotControllerTests.m; sourceTree = "<group>"; };
/* End PBXFileReference section */

/* Begin PBXFrameworksBuildPhase section */
		F3EEC5C71A02B5010051E5B8 /* Frameworks */ = {
			isa = PBXFrameworksBuildPhase;
			buildActionMask = 2147483647;
			files = (
				F3BADAED1A1BE2EC00A2DD3B /* QuartzCore.framework in Frameworks */,
				F3BADAEB1A1BE2E700A2DD3B /* UIKit.framework in Frameworks */,
			);
			runOnlyForDeploymentPostprocessing = 0;
		};
		F3EEC5E01A02B5010051E5B8 /* Frameworks */ = {
			isa = PBXFrameworksBuildPhase;
			buildActionMask = 2147483647;
			files = (
			);
			runOnlyForDeploymentPostprocessing = 0;
		};
/* End PBXFrameworksBuildPhase section */

/* Begin PBXGroup section */
		F3817ABC1A095C6400485D12 /* BLE */ = {
			isa = PBXGroup;
			children = (
				F3817ABD1A095C6400485D12 /* BLE.h */,
				F3817ABE1A095C6400485D12 /* BLE.m */,
				F3817ABF1A095C6400485D12 /* BLEDefines.h */,
			);
			name = BLE;
			path = BasketballRobotController/BLE;
			sourceTree = "<group>";
		};
		F3817AC21A095CFA00485D12 /* Frameworks */ = {
			isa = PBXGroup;
			children = (
				F3BADAEC1A1BE2EC00A2DD3B /* QuartzCore.framework */,
				F3BADAEA1A1BE2E700A2DD3B /* UIKit.framework */,
				F3817ABC1A095C6400485D12 /* BLE */,
			);
			name = Frameworks;
			sourceTree = "<group>";
		};
		F3EEC5C11A02B5010051E5B8 = {
			isa = PBXGroup;
			children = (
				F3EEC5CC1A02B5010051E5B8 /* BasketballRobotController */,
				F3EEC5E61A02B5020051E5B8 /* BasketballRobotControllerTests */,
				F3EEC5CB1A02B5010051E5B8 /* Products */,
				F3817AC21A095CFA00485D12 /* Frameworks */,
			);
			sourceTree = "<group>";
		};
		F3EEC5CB1A02B5010051E5B8 /* Products */ = {
			isa = PBXGroup;
			children = (
				F3EEC5CA1A02B5010051E5B8 /* BasketballRobotController.app */,
				F3EEC5E31A02B5010051E5B8 /* BasketballRobotControllerTests.xctest */,
			);
			name = Products;
			sourceTree = "<group>";
		};
		F3EEC5CC1A02B5010051E5B8 /* BasketballRobotController */ = {
			isa = PBXGroup;
			children = (
				F3EEC5D11A02B5010051E5B8 /* AppDelegate.h */,
				F3EEC5D21A02B5010051E5B8 /* AppDelegate.m */,
				F3EEC5D41A02B5010051E5B8 /* ViewController.h */,
				F3EEC5D51A02B5010051E5B8 /* ViewController.m */,
				F3EEC5D71A02B5010051E5B8 /* Main.storyboard */,
				F3EEC5DA1A02B5010051E5B8 /* Images.xcassets */,
				F3EEC5DC1A02B5010051E5B8 /* LaunchScreen.xib */,
				F3EEC5CD1A02B5010051E5B8 /* Supporting Files */,
			);
			path = BasketballRobotController;
			sourceTree = "<group>";
		};
		F3EEC5CD1A02B5010051E5B8 /* Supporting Files */ = {
			isa = PBXGroup;
			children = (
				F3EEC5CE1A02B5010051E5B8 /* Info.plist */,
				F3EEC5CF1A02B5010051E5B8 /* main.m */,
			);
			name = "Supporting Files";
			sourceTree = "<group>";
		};
		F3EEC5E61A02B5020051E5B8 /* BasketballRobotControllerTests */ = {
			isa = PBXGroup;
			children = (
				F3EEC5E91A02B5020051E5B8 /* BasketballRobotControllerTests.m */,
				F3EEC5E71A02B5020051E5B8 /* Supporting Files */,
			);
			path = BasketballRobotControllerTests;
			sourceTree = "<group>";
		};
		F3EEC5E71A02B5020051E5B8 /* Supporting Files */ = {
			isa = PBXGroup;
			children = (
				F3EEC5E81A02B5020051E5B8 /* Info.plist */,
			);
			name = "Supporting Files";
			sourceTree = "<group>";
		};
/* End PBXGroup section */

/* Begin PBXNativeTarget section */
		F3EEC5C91A02B5010051E5B8 /* BasketballRobotController */ = {
			isa = PBXNativeTarget;
			buildConfigurationList = F3EEC5ED1A02B5020051E5B8 /* Build configuration list for PBXNativeTarget "BasketballRobotController" */;
			buildPhases = (
				F3EEC5C61A02B5010051E5B8 /* Sources */,
				F3EEC5C71A02B5010051E5B8 /* Frameworks */,
				F3EEC5C81A02B5010051E5B8 /* Resources */,
			);
			buildRules = (
			);
			dependencies = (
			);
			name = BasketballRobotController;
			productName = BasketballRobotController;
			productReference = F3EEC5CA1A02B5010051E5B8 /* BasketballRobotController.app */;
			productType = "com.apple.product-type.application";
		};
		F3EEC5E21A02B5010051E5B8 /* BasketballRobotControllerTests */ = {
			isa = PBXNativeTarget;
			buildConfigurationList = F3EEC5F01A02B5020051E5B8 /* Build configuration list for PBXNativeTarget "BasketballRobotControllerTests" */;
			buildPhases = (
				F3EEC5DF1A02B5010051E5B8 /* Sources */,
				F3EEC5E01A02B5010051E5B8 /* Frameworks */,
				F3EEC5E11A02B5010051E5B8 /* Resources */,
			);
			buildRules = (
			);
			dependencies = (
				F3EEC5E51A02B5010051E5B8 /* PBXTargetDependency */,
			);
			name = BasketballRobotControllerTests;
			productName = BasketballRobotControllerTests;
			productReference = F3EEC5E31A02B5010051E5B8 /* BasketballRobotControllerTests.xctest */;
			productType = "com.apple.product-type.bundle.unit-test";
		};
/* End PBXNativeTarget section */

/* Begin PBXProject section */
		F3EEC5C21A02B5010051E5B8 /* Project object */ = {
			isa = PBXProject;
			attributes = {
				LastUpgradeCheck = 0610;
				ORGANIZATIONNAME = "Maria Elena Villamil";
				TargetAttributes = {
					F3EEC5C91A02B5010051E5B8 = {
						CreatedOnToolsVersion = 6.1;
						DevelopmentTeam = 2P62NT5ZCM;
					};
					F3EEC5E21A02B5010051E5B8 = {
						CreatedOnToolsVersion = 6.1;
						TestTargetID = F3EEC5C91A02B5010051E5B8;
					};
				};
			};
			buildConfigurationList = F3EEC5C51A02B5010051E5B8 /* Build configuration list for PBXProject "BasketballRobotController" */;
			compatibilityVersion = "Xcode 3.2";
			developmentRegion = English;
			hasScannedForEncodings = 0;
			knownRegions = (
				en,
				Base,
			);
			mainGroup = F3EEC5C11A02B5010051E5B8;
			productRefGroup = F3EEC5CB1A02B5010051E5B8 /* Products */;
			projectDirPath = "";
			projectRoot = "";
			targets = (
				F3EEC5C91A02B5010051E5B8 /* BasketballRobotController */,
				F3EEC5E21A02B5010051E5B8 /* BasketballRobotControllerTests */,
			);
		};
/* End PBXProject section */

/* Begin PBXResourcesBuildPhase section */
		F3EEC5C81A02B5010051E5B8 /* Resources */ = {
			isa = PBXResourcesBuildPhase;
			buildActionMask = 2147483647;
			files = (
				F3EEC5D91A02B5010051E5B8 /* Main.storyboard in Resources */,
				F3EEC5DE1A02B5010051E5B8 /* LaunchScreen.xib in Resources */,
				F3EEC5DB1A02B5010051E5B8 /* Images.xcassets in Resources */,
			);
			runOnlyForDeploymentPostprocessing = 0;
		};
		F3EEC5E11A02B5010051E5B8 /* Resources */ = {
			isa = PBXResourcesBuildPhase;
			buildActionMask = 2147483647;
			files = (
			);
			runOnlyForDeploymentPostprocessing = 0;
		};
/* End PBXResourcesBuildPhase section */

/* Begin PBXSourcesBuildPhase section */
		F3EEC5C61A02B5010051E5B8 /* Sources */ = {
			isa = PBXSourcesBuildPhase;
			buildActionMask = 2147483647;
			files = (
				F3EEC5D61A02B5010051E5B8 /* ViewController.m in Sources */,
				F3EEC5D31A02B5010051E5B8 /* AppDelegate.m in Sources */,
				F3EEC5D01A02B5010051E5B8 /* main.m in Sources */,
				F3817AC01A095C6400485D12 /* BLE.m in Sources */,
			);
			runOnlyForDeploymentPostprocessing = 0;
		};
		F3EEC5DF1A02B5010051E5B8 /* Sources */ = {
			isa = PBXSourcesBuildPhase;
			buildActionMask = 2147483647;
			files = (
				F3EEC5EA1A02B5020051E5B8 /* BasketballRobotControllerTests.m in Sources */,
			);
			runOnlyForDeploymentPostprocessing = 0;
		};
/* End PBXSourcesBuildPhase section */

/* Begin PBXTargetDependency section */
		F3EEC5E51A02B5010051E5B8 /* PBXTargetDependency */ = {
			isa = PBXTargetDependency;
			target = F3EEC5C91A02B5010051E5B8 /* BasketballRobotController */;
			targetProxy = F3EEC5E41A02B5010051E5B8 /* PBXContainerItemProxy */;
		};
/* End PBXTargetDependency section */

/* Begin PBXVariantGroup section */
		F3EEC5D71A02B5010051E5B8 /* Main.storyboard */ = {
			isa = PBXVariantGroup;
			children = (
				F3EEC5D81A02B5010051E5B8 /* Base */,
			);
			name = Main.storyboard;
			sourceTree = "<group>";
		};
		F3EEC5DC1A02B5010051E5B8 /* LaunchScreen.xib */ = {
			isa = PBXVariantGroup;
			children = (
				F3EEC5DD1A02B5010051E5B8 /* Base */,
			);
			name = LaunchScreen.xib;
			sourceTree = "<group>";
		};
/* End PBXVariantGroup section */

/* Begin XCBuildConfiguration section */
		F3EEC5EB1A02B5020051E5B8 /* Debug */ = {
			isa = XCBuildConfiguration;
			buildSettings = {
				ALWAYS_SEARCH_USER_PATHS = NO;
				CLANG_CXX_LANGUAGE_STANDARD = "gnu++0x";
				CLANG_CXX_LIBRARY = "libc++";
				CLANG_ENABLE_MODULES = YES;
				CLANG_ENABLE_OBJC_ARC = YES;
				CLANG_WARN_BOOL_CONVERSION = YES;
				CLANG_WARN_CONSTANT_CONVERSION = YES;
				CLANG_WARN_DIRECT_OBJC_ISA_USAGE = YES_ERROR;
				CLANG_WARN_EMPTY_BODY = YES;
				CLANG_WARN_ENUM_CONVERSION = YES;
				CLANG_WARN_INT_CONVERSION = YES;
				CLANG_WARN_OBJC_ROOT_CLASS = YES_ERROR;
				CLANG_WARN_UNREACHABLE_CODE = YES;
				CLANG_WARN__DUPLICATE_METHOD_MATCH = YES;
				"CODE_SIGN_IDENTITY[sdk=iphoneos*]" = "iPhone Developer";
				COPY_PHASE_STRIP = NO;
				ENABLE_STRICT_OBJC_MSGSEND = YES;
				GCC_C_LANGUAGE_STANDARD = gnu99;
				GCC_DYNAMIC_NO_PIC = NO;
				GCC_OPTIMIZATION_LEVEL = 0;
				GCC_PREPROCESSOR_DEFINITIONS = (
					"DEBUG=1",
					"$(inherited)",
				);
				GCC_SYMBOLS_PRIVATE_EXTERN = NO;
				GCC_WARN_64_TO_32_BIT_CONVERSION = YES;
				GCC_WARN_ABOUT_RETURN_TYPE = YES_ERROR;
				GCC_WARN_UNDECLARED_SELECTOR = YES;
				GCC_WARN_UNINITIALIZED_AUTOS = YES_AGGRESSIVE;
				GCC_WARN_UNUSED_FUNCTION = YES;
				GCC_WARN_UNUSED_VARIABLE = YES;
				IPHONEOS_DEPLOYMENT_TARGET = 8.1;
				MTL_ENABLE_DEBUG_INFO = YES;
				ONLY_ACTIVE_ARCH = YES;
				SDKROOT = iphoneos;
				TARGETED_DEVICE_FAMILY = 2;
			};
			name = Debug;
		};
		F3EEC5EC1A02B5020051E5B8 /* Release */ = {
			isa = XCBuildConfiguration;
			buildSettings = {
				ALWAYS_SEARCH_USER_PATHS = NO;
				CLANG_CXX_LANGUAGE_STANDARD = "gnu++0x";
				CLANG_CXX_LIBRARY = "libc++";
				CLANG_ENABLE_MODULES = YES;
				CLANG_ENABLE_OBJC_ARC = YES;
				CLANG_WARN_BOOL_CONVERSION = YES;
				CLANG_WARN_CONSTANT_CONVERSION = YES;
				CLANG_WARN_DIRECT_OBJC_ISA_USAGE = YES_ERROR;
				CLANG_WARN_EMPTY_BODY = YES;
				CLANG_WARN_ENUM_CONVERSION = YES;
				CLANG_WARN_INT_CONVERSION = YES;
				CLANG_WARN_OBJC_ROOT_CLASS = YES_ERROR;
				CLANG_WARN_UNREACHABLE_CODE = YES;
				CLANG_WARN__DUPLICATE_METHOD_MATCH = YES;
				"CODE_SIGN_IDENTITY[sdk=iphoneos*]" = "iPhone Developer";
				COPY_PHASE_STRIP = YES;
				ENABLE_NS_ASSERTIONS = NO;
				ENABLE_STRICT_OBJC_MSGSEND = YES;
				GCC_C_LANGUAGE_STANDARD = gnu99;
				GCC_WARN_64_TO_32_BIT_CONVERSION = YES;
				GCC_WARN_ABOUT_RETURN_TYPE = YES_ERROR;
				GCC_WARN_UNDECLARED_SELECTOR = YES;
				GCC_WARN_UNINITIALIZED_AUTOS = YES_AGGRESSIVE;
				GCC_WARN_UNUSED_FUNCTION = YES;
				GCC_WARN_UNUSED_VARIABLE = YES;
				IPHONEOS_DEPLOYMENT_TARGET = 8.1;
				MTL_ENABLE_DEBUG_INFO = NO;
				SDKROOT = iphoneos;
				TARGETED_DEVICE_FAMILY = 2;
				VALIDATE_PRODUCT = YES;
			};
			name = Release;
		};
		F3EEC5EE1A02B5020051E5B8 /* Debug */ = {
			isa = XCBuildConfiguration;
			buildSettings = {
				ASSETCATALOG_COMPILER_APPICON_NAME = AppIcon;
				CODE_SIGN_IDENTITY = "iPhone Developer";
				"CODE_SIGN_IDENTITY[sdk=iphoneos*]" = "iPhone Developer";
				INFOPLIST_FILE = BasketballRobotController/Info.plist;
				IPHONEOS_DEPLOYMENT_TARGET = 8.2;
				LD_RUNPATH_SEARCH_PATHS = "$(inherited) @executable_path/Frameworks";
				PRODUCT_NAME = "$(TARGET_NAME)";
				PROVISIONING_PROFILE = "";
				TARGETED_DEVICE_FAMILY = 2;
			};
			name = Debug;
		};
		F3EEC5EF1A02B5020051E5B8 /* Release */ = {
			isa = XCBuildConfiguration;
			buildSettings = {
				ASSETCATALOG_COMPILER_APPICON_NAME = AppIcon;
				CODE_SIGN_IDENTITY = "iPhone Developer";
				"CODE_SIGN_IDENTITY[sdk=iphoneos*]" = "iPhone Developer";
				INFOPLIST_FILE = BasketballRobotController/Info.plist;
				IPHONEOS_DEPLOYMENT_TARGET = 8.2;
				LD_RUNPATH_SEARCH_PATHS = "$(inherited) @executable_path/Frameworks";
				PRODUCT_NAME = "$(TARGET_NAME)";
				PROVISIONING_PROFILE = "";
				TARGETED_DEVICE_FAMILY = 2;
			};
			name = Release;
		};
		F3EEC5F11A02B5020051E5B8 /* Debug */ = {
			isa = XCBuildConfiguration;
			buildSettings = {
				BUNDLE_LOADER = "$(TEST_HOST)";
				FRAMEWORK_SEARCH_PATHS = (
					"$(SDKROOT)/Developer/Library/Frameworks",
					"$(inherited)",
				);
				GCC_PREPROCESSOR_DEFINITIONS = (
					"DEBUG=1",
					"$(inherited)",
				);
				INFOPLIST_FILE = BasketballRobotControllerTests/Info.plist;
				LD_RUNPATH_SEARCH_PATHS = "$(inherited) @executable_path/Frameworks @loader_path/Frameworks";
				PRODUCT_NAME = "$(TARGET_NAME)";
				TEST_HOST = "$(BUILT_PRODUCTS_DIR)/BasketballRobotController.app/BasketballRobotController";
			};
			name = Debug;
		};
		F3EEC5F21A02B5020051E5B8 /* Release */ = {
			isa = XCBuildConfiguration;
			buildSettings = {
				BUNDLE_LOADER = "$(TEST_HOST)";
				FRAMEWORK_SEARCH_PATHS = (
					"$(SDKROOT)/Developer/Library/Frameworks",
					"$(inherited)",
				);
				INFOPLIST_FILE = BasketballRobotControllerTests/Info.plist;
				LD_RUNPATH_SEARCH_PATHS = "$(inherited) @executable_path/Frameworks @loader_path/Frameworks";
				PRODUCT_NAME = "$(TARGET_NAME)";
				TEST_HOST = "$(BUILT_PRODUCTS_DIR)/BasketballRobotController.app/BasketballRobotController";
			};
			name = Release;
		};
/* End XCBuildConfiguration section */

/* Begin XCConfigurationList section */
		F3EEC5C51A02B5010051E5B8 /* Build configuration list for PBXProject "BasketballRobotController" */ = {
			isa = XCConfigurationList;
			buildConfigurations = (
				F3EEC5EB1A02B5020051E5B8 /* Debug */,
				F3EEC5EC1A02B5020051E5B8 /* Release */,
			);
			defaultConfigurationIsVisible = 0;
			defaultConfigurationName = Release;
		};
		F3EEC5ED1A02B5020051E5B8 /* Build configuration list for PBXNativeTarget "BasketballRobotController" */ = {
			isa = XCConfigurationList;
			buildConfigurations = (
				F3EEC5EE1A02B5020051E5B8 /* Debug */,
				F3EEC5EF1A02B5020051E5B8 /* Release */,
			);
			defaultConfigurationIsVisible = 0;
			defaultConfigurationName = Release;
		};
		F3EEC5F01A02B5020051E5B8 /* Build configuration list for PBXNativeTarget "BasketballRobotControllerTests" */ = {
			isa = XCConfigurationList;
			buildConfigurations = (
				F3EEC5F11A02B5020051E5B8 /* Debug */,
				F3EEC5F21A02B5020051E5B8 /* Release */,
			);
			defaultConfigurationIsVisible = 0;
			defaultConfigurationName = Release;
		};
/* End XCConfigurationList section */
	};
	rootObject = F3EEC5C21A02B5010051E5B8 /* Project object */;
}
