// !$*UTF8*$!
{
	archiveVersion = 1;
	classes = {
	};
	objectVersion = 46;
	objects = {

/* Begin PBXBuildFile section */
		F3DD541D19FAEF9A00A5F392 /* main.m in Sources */ = {isa = PBXBuildFile; fileRef = F3DD541C19FAEF9A00A5F392 /* main.m */; };
		F3DD542019FAEF9A00A5F392 /* AppDelegate.m in Sources */ = {isa = PBXBuildFile; fileRef = F3DD541F19FAEF9A00A5F392 /* AppDelegate.m */; };
		F3DD542319FAEF9A00A5F392 /* ViewController.m in Sources */ = {isa = PBXBuildFile; fileRef = F3DD542219FAEF9A00A5F392 /* ViewController.m */; };
		F3DD542619FAEF9A00A5F392 /* Main.storyboard in Resources */ = {isa = PBXBuildFile; fileRef = F3DD542419FAEF9A00A5F392 /* Main.storyboard */; };
		F3DD542819FAEF9A00A5F392 /* Images.xcassets in Resources */ = {isa = PBXBuildFile; fileRef = F3DD542719FAEF9A00A5F392 /* Images.xcassets */; };
		F3DD542B19FAEF9A00A5F392 /* LaunchScreen.xib in Resources */ = {isa = PBXBuildFile; fileRef = F3DD542919FAEF9A00A5F392 /* LaunchScreen.xib */; };
		F3DD543719FAEF9A00A5F392 /* Basketball_Robot_ControllerTests.m in Sources */ = {isa = PBXBuildFile; fileRef = F3DD543619FAEF9A00A5F392 /* Basketball_Robot_ControllerTests.m */; };
/* End PBXBuildFile section */

/* Begin PBXContainerItemProxy section */
		F3DD543119FAEF9A00A5F392 /* PBXContainerItemProxy */ = {
			isa = PBXContainerItemProxy;
			containerPortal = F3DD540F19FAEF9A00A5F392 /* Project object */;
			proxyType = 1;
			remoteGlobalIDString = F3DD541619FAEF9A00A5F392;
			remoteInfo = "Basketball Robot Controller";
		};
/* End PBXContainerItemProxy section */

/* Begin PBXFileReference section */
		F3DD541719FAEF9A00A5F392 /* Basketball Robot Controller.app */ = {isa = PBXFileReference; explicitFileType = wrapper.application; includeInIndex = 0; path = "Basketball Robot Controller.app"; sourceTree = BUILT_PRODUCTS_DIR; };
		F3DD541B19FAEF9A00A5F392 /* Info.plist */ = {isa = PBXFileReference; lastKnownFileType = text.plist.xml; path = Info.plist; sourceTree = "<group>"; };
		F3DD541C19FAEF9A00A5F392 /* main.m */ = {isa = PBXFileReference; lastKnownFileType = sourcecode.c.objc; path = main.m; sourceTree = "<group>"; };
		F3DD541E19FAEF9A00A5F392 /* AppDelegate.h */ = {isa = PBXFileReference; lastKnownFileType = sourcecode.c.h; path = AppDelegate.h; sourceTree = "<group>"; };
		F3DD541F19FAEF9A00A5F392 /* AppDelegate.m */ = {isa = PBXFileReference; lastKnownFileType = sourcecode.c.objc; path = AppDelegate.m; sourceTree = "<group>"; };
		F3DD542119FAEF9A00A5F392 /* ViewController.h */ = {isa = PBXFileReference; lastKnownFileType = sourcecode.c.h; path = ViewController.h; sourceTree = "<group>"; };
		F3DD542219FAEF9A00A5F392 /* ViewController.m */ = {isa = PBXFileReference; lastKnownFileType = sourcecode.c.objc; path = ViewController.m; sourceTree = "<group>"; };
		F3DD542519FAEF9A00A5F392 /* Base */ = {isa = PBXFileReference; lastKnownFileType = file.storyboard; name = Base; path = Base.lproj/Main.storyboard; sourceTree = "<group>"; };
		F3DD542719FAEF9A00A5F392 /* Images.xcassets */ = {isa = PBXFileReference; lastKnownFileType = folder.assetcatalog; path = Images.xcassets; sourceTree = "<group>"; };
		F3DD542A19FAEF9A00A5F392 /* Base */ = {isa = PBXFileReference; lastKnownFileType = file.xib; name = Base; path = Base.lproj/LaunchScreen.xib; sourceTree = "<group>"; };
		F3DD543019FAEF9A00A5F392 /* Basketball Robot ControllerTests.xctest */ = {isa = PBXFileReference; explicitFileType = wrapper.cfbundle; includeInIndex = 0; path = "Basketball Robot ControllerTests.xctest"; sourceTree = BUILT_PRODUCTS_DIR; };
		F3DD543519FAEF9A00A5F392 /* Info.plist */ = {isa = PBXFileReference; lastKnownFileType = text.plist.xml; path = Info.plist; sourceTree = "<group>"; };
		F3DD543619FAEF9A00A5F392 /* Basketball_Robot_ControllerTests.m */ = {isa = PBXFileReference; lastKnownFileType = sourcecode.c.objc; path = Basketball_Robot_ControllerTests.m; sourceTree = "<group>"; };
/* End PBXFileReference section */

/* Begin PBXFrameworksBuildPhase section */
		F3DD541419FAEF9A00A5F392 /* Frameworks */ = {
			isa = PBXFrameworksBuildPhase;
			buildActionMask = 2147483647;
			files = (
			);
			runOnlyForDeploymentPostprocessing = 0;
		};
		F3DD542D19FAEF9A00A5F392 /* Frameworks */ = {
			isa = PBXFrameworksBuildPhase;
			buildActionMask = 2147483647;
			files = (
			);
			runOnlyForDeploymentPostprocessing = 0;
		};
/* End PBXFrameworksBuildPhase section */

/* Begin PBXGroup section */
		F3DD540E19FAEF9A00A5F392 = {
			isa = PBXGroup;
			children = (
				F3DD541919FAEF9A00A5F392 /* Basketball Robot Controller */,
				F3DD543319FAEF9A00A5F392 /* Basketball Robot ControllerTests */,
				F3DD541819FAEF9A00A5F392 /* Products */,
			);
			sourceTree = "<group>";
		};
		F3DD541819FAEF9A00A5F392 /* Products */ = {
			isa = PBXGroup;
			children = (
				F3DD541719FAEF9A00A5F392 /* Basketball Robot Controller.app */,
				F3DD543019FAEF9A00A5F392 /* Basketball Robot ControllerTests.xctest */,
			);
			name = Products;
			sourceTree = "<group>";
		};
		F3DD541919FAEF9A00A5F392 /* Basketball Robot Controller */ = {
			isa = PBXGroup;
			children = (
				F3DD541E19FAEF9A00A5F392 /* AppDelegate.h */,
				F3DD541F19FAEF9A00A5F392 /* AppDelegate.m */,
				F3DD542119FAEF9A00A5F392 /* ViewController.h */,
				F3DD542219FAEF9A00A5F392 /* ViewController.m */,
				F3DD542419FAEF9A00A5F392 /* Main.storyboard */,
				F3DD542719FAEF9A00A5F392 /* Images.xcassets */,
				F3DD542919FAEF9A00A5F392 /* LaunchScreen.xib */,
				F3DD541A19FAEF9A00A5F392 /* Supporting Files */,
			);
			path = "Basketball Robot Controller";
			sourceTree = "<group>";
		};
		F3DD541A19FAEF9A00A5F392 /* Supporting Files */ = {
			isa = PBXGroup;
			children = (
				F3DD541B19FAEF9A00A5F392 /* Info.plist */,
				F3DD541C19FAEF9A00A5F392 /* main.m */,
			);
			name = "Supporting Files";
			sourceTree = "<group>";
		};
		F3DD543319FAEF9A00A5F392 /* Basketball Robot ControllerTests */ = {
			isa = PBXGroup;
			children = (
				F3DD543619FAEF9A00A5F392 /* Basketball_Robot_ControllerTests.m */,
				F3DD543419FAEF9A00A5F392 /* Supporting Files */,
			);
			path = "Basketball Robot ControllerTests";
			sourceTree = "<group>";
		};
		F3DD543419FAEF9A00A5F392 /* Supporting Files */ = {
			isa = PBXGroup;
			children = (
				F3DD543519FAEF9A00A5F392 /* Info.plist */,
			);
			name = "Supporting Files";
			sourceTree = "<group>";
		};
/* End PBXGroup section */

/* Begin PBXNativeTarget section */
		F3DD541619FAEF9A00A5F392 /* Basketball Robot Controller */ = {
			isa = PBXNativeTarget;
			buildConfigurationList = F3DD543A19FAEF9A00A5F392 /* Build configuration list for PBXNativeTarget "Basketball Robot Controller" */;
			buildPhases = (
				F3DD541319FAEF9A00A5F392 /* Sources */,
				F3DD541419FAEF9A00A5F392 /* Frameworks */,
				F3DD541519FAEF9A00A5F392 /* Resources */,
			);
			buildRules = (
			);
			dependencies = (
			);
			name = "Basketball Robot Controller";
			productName = "Basketball Robot Controller";
			productReference = F3DD541719FAEF9A00A5F392 /* Basketball Robot Controller.app */;
			productType = "com.apple.product-type.application";
		};
		F3DD542F19FAEF9A00A5F392 /* Basketball Robot ControllerTests */ = {
			isa = PBXNativeTarget;
			buildConfigurationList = F3DD543D19FAEF9A00A5F392 /* Build configuration list for PBXNativeTarget "Basketball Robot ControllerTests" */;
			buildPhases = (
				F3DD542C19FAEF9A00A5F392 /* Sources */,
				F3DD542D19FAEF9A00A5F392 /* Frameworks */,
				F3DD542E19FAEF9A00A5F392 /* Resources */,
			);
			buildRules = (
			);
			dependencies = (
				F3DD543219FAEF9A00A5F392 /* PBXTargetDependency */,
			);
			name = "Basketball Robot ControllerTests";
			productName = "Basketball Robot ControllerTests";
			productReference = F3DD543019FAEF9A00A5F392 /* Basketball Robot ControllerTests.xctest */;
			productType = "com.apple.product-type.bundle.unit-test";
		};
/* End PBXNativeTarget section */

/* Begin PBXProject section */
		F3DD540F19FAEF9A00A5F392 /* Project object */ = {
			isa = PBXProject;
			attributes = {
				LastUpgradeCheck = 0610;
				ORGANIZATIONNAME = "Maria Elena Villamil";
				TargetAttributes = {
					F3DD541619FAEF9A00A5F392 = {
						CreatedOnToolsVersion = 6.1;
					};
					F3DD542F19FAEF9A00A5F392 = {
						CreatedOnToolsVersion = 6.1;
						TestTargetID = F3DD541619FAEF9A00A5F392;
					};
				};
			};
			buildConfigurationList = F3DD541219FAEF9A00A5F392 /* Build configuration list for PBXProject "Basketball Robot Controller" */;
			compatibilityVersion = "Xcode 3.2";
			developmentRegion = English;
			hasScannedForEncodings = 0;
			knownRegions = (
				en,
				Base,
			);
			mainGroup = F3DD540E19FAEF9A00A5F392;
			productRefGroup = F3DD541819FAEF9A00A5F392 /* Products */;
			projectDirPath = "";
			projectRoot = "";
			targets = (
				F3DD541619FAEF9A00A5F392 /* Basketball Robot Controller */,
				F3DD542F19FAEF9A00A5F392 /* Basketball Robot ControllerTests */,
			);
		};
/* End PBXProject section */

/* Begin PBXResourcesBuildPhase section */
		F3DD541519FAEF9A00A5F392 /* Resources */ = {
			isa = PBXResourcesBuildPhase;
			buildActionMask = 2147483647;
			files = (
				F3DD542619FAEF9A00A5F392 /* Main.storyboard in Resources */,
				F3DD542B19FAEF9A00A5F392 /* LaunchScreen.xib in Resources */,
				F3DD542819FAEF9A00A5F392 /* Images.xcassets in Resources */,
			);
			runOnlyForDeploymentPostprocessing = 0;
		};
		F3DD542E19FAEF9A00A5F392 /* Resources */ = {
			isa = PBXResourcesBuildPhase;
			buildActionMask = 2147483647;
			files = (
			);
			runOnlyForDeploymentPostprocessing = 0;
		};
/* End PBXResourcesBuildPhase section */

/* Begin PBXSourcesBuildPhase section */
		F3DD541319FAEF9A00A5F392 /* Sources */ = {
			isa = PBXSourcesBuildPhase;
			buildActionMask = 2147483647;
			files = (
				F3DD542319FAEF9A00A5F392 /* ViewController.m in Sources */,
				F3DD542019FAEF9A00A5F392 /* AppDelegate.m in Sources */,
				F3DD541D19FAEF9A00A5F392 /* main.m in Sources */,
			);
			runOnlyForDeploymentPostprocessing = 0;
		};
		F3DD542C19FAEF9A00A5F392 /* Sources */ = {
			isa = PBXSourcesBuildPhase;
			buildActionMask = 2147483647;
			files = (
				F3DD543719FAEF9A00A5F392 /* Basketball_Robot_ControllerTests.m in Sources */,
			);
			runOnlyForDeploymentPostprocessing = 0;
		};
/* End PBXSourcesBuildPhase section */

/* Begin PBXTargetDependency section */
		F3DD543219FAEF9A00A5F392 /* PBXTargetDependency */ = {
			isa = PBXTargetDependency;
			target = F3DD541619FAEF9A00A5F392 /* Basketball Robot Controller */;
			targetProxy = F3DD543119FAEF9A00A5F392 /* PBXContainerItemProxy */;
		};
/* End PBXTargetDependency section */

/* Begin PBXVariantGroup section */
		F3DD542419FAEF9A00A5F392 /* Main.storyboard */ = {
			isa = PBXVariantGroup;
			children = (
				F3DD542519FAEF9A00A5F392 /* Base */,
			);
			name = Main.storyboard;
			sourceTree = "<group>";
		};
		F3DD542919FAEF9A00A5F392 /* LaunchScreen.xib */ = {
			isa = PBXVariantGroup;
			children = (
				F3DD542A19FAEF9A00A5F392 /* Base */,
			);
			name = LaunchScreen.xib;
			sourceTree = "<group>";
		};
/* End PBXVariantGroup section */

/* Begin XCBuildConfiguration section */
		F3DD543819FAEF9A00A5F392 /* Debug */ = {
			isa = XCBuildConfiguration;
			buildSettings = {
				ALWAYS_SEARCH_USER_PATHS = NO;
				CLANG_CXX_LANGUAGE_STANDARD = "gnu++0x";
				CLANG_CXX_LIBRARY = "libc++";
				CLANG_ENABLE_MODULES = YES;
				CLANG_ENABLE_OBJC_ARC = YES;
				CLANG_WARN_BOOL_CONVERSION = YES;
				CLANG_WARN_CONSTANT_CONVERSION = YES;
				CLANG_WARN_DIRECT_OBJC_ISA_USAGE = YES_ERROR;
				CLANG_WARN_EMPTY_BODY = YES;
				CLANG_WARN_ENUM_CONVERSION = YES;
				CLANG_WARN_INT_CONVERSION = YES;
				CLANG_WARN_OBJC_ROOT_CLASS = YES_ERROR;
				CLANG_WARN_UNREACHABLE_CODE = YES;
				CLANG_WARN__DUPLICATE_METHOD_MATCH = YES;
				"CODE_SIGN_IDENTITY[sdk=iphoneos*]" = "iPhone Developer";
				COPY_PHASE_STRIP = NO;
				ENABLE_STRICT_OBJC_MSGSEND = YES;
				GCC_C_LANGUAGE_STANDARD = gnu99;
				GCC_DYNAMIC_NO_PIC = NO;
				GCC_OPTIMIZATION_LEVEL = 0;
				GCC_PREPROCESSOR_DEFINITIONS = (
					"DEBUG=1",
					"$(inherited)",
				);
				GCC_SYMBOLS_PRIVATE_EXTERN = NO;
				GCC_WARN_64_TO_32_BIT_CONVERSION = YES;
				GCC_WARN_ABOUT_RETURN_TYPE = YES_ERROR;
				GCC_WARN_UNDECLARED_SELECTOR = YES;
				GCC_WARN_UNINITIALIZED_AUTOS = YES_AGGRESSIVE;
				GCC_WARN_UNUSED_FUNCTION = YES;
				GCC_WARN_UNUSED_VARIABLE = YES;
				IPHONEOS_DEPLOYMENT_TARGET = 8.1;
				MTL_ENABLE_DEBUG_INFO = YES;
				ONLY_ACTIVE_ARCH = YES;
				SDKROOT = iphoneos;
				TARGETED_DEVICE_FAMILY = 2;
			};
			name = Debug;
		};
		F3DD543919FAEF9A00A5F392 /* Release */ = {
			isa = XCBuildConfiguration;
			buildSettings = {
				ALWAYS_SEARCH_USER_PATHS = NO;
				CLANG_CXX_LANGUAGE_STANDARD = "gnu++0x";
				CLANG_CXX_LIBRARY = "libc++";
				CLANG_ENABLE_MODULES = YES;
				CLANG_ENABLE_OBJC_ARC = YES;
				CLANG_WARN_BOOL_CONVERSION = YES;
				CLANG_WARN_CONSTANT_CONVERSION = YES;
				CLANG_WARN_DIRECT_OBJC_ISA_USAGE = YES_ERROR;
				CLANG_WARN_EMPTY_BODY = YES;
				CLANG_WARN_ENUM_CONVERSION = YES;
				CLANG_WARN_INT_CONVERSION = YES;
				CLANG_WARN_OBJC_ROOT_CLASS = YES_ERROR;
				CLANG_WARN_UNREACHABLE_CODE = YES;
				CLANG_WARN__DUPLICATE_METHOD_MATCH = YES;
				"CODE_SIGN_IDENTITY[sdk=iphoneos*]" = "iPhone Developer";
				COPY_PHASE_STRIP = YES;
				ENABLE_NS_ASSERTIONS = NO;
				ENABLE_STRICT_OBJC_MSGSEND = YES;
				GCC_C_LANGUAGE_STANDARD = gnu99;
				GCC_WARN_64_TO_32_BIT_CONVERSION = YES;
				GCC_WARN_ABOUT_RETURN_TYPE = YES_ERROR;
				GCC_WARN_UNDECLARED_SELECTOR = YES;
				GCC_WARN_UNINITIALIZED_AUTOS = YES_AGGRESSIVE;
				GCC_WARN_UNUSED_FUNCTION = YES;
				GCC_WARN_UNUSED_VARIABLE = YES;
				IPHONEOS_DEPLOYMENT_TARGET = 8.1;
				MTL_ENABLE_DEBUG_INFO = NO;
				SDKROOT = iphoneos;
				TARGETED_DEVICE_FAMILY = 2;
				VALIDATE_PRODUCT = YES;
			};
			name = Release;
		};
		F3DD543B19FAEF9A00A5F392 /* Debug */ = {
			isa = XCBuildConfiguration;
			buildSettings = {
				ASSETCATALOG_COMPILER_APPICON_NAME = AppIcon;
				INFOPLIST_FILE = "Basketball Robot Controller/Info.plist";
				LD_RUNPATH_SEARCH_PATHS = "$(inherited) @executable_path/Frameworks";
				PRODUCT_NAME = "$(TARGET_NAME)";
			};
			name = Debug;
		};
		F3DD543C19FAEF9A00A5F392 /* Release */ = {
			isa = XCBuildConfiguration;
			buildSettings = {
				ASSETCATALOG_COMPILER_APPICON_NAME = AppIcon;
				INFOPLIST_FILE = "Basketball Robot Controller/Info.plist";
				LD_RUNPATH_SEARCH_PATHS = "$(inherited) @executable_path/Frameworks";
				PRODUCT_NAME = "$(TARGET_NAME)";
			};
			name = Release;
		};
		F3DD543E19FAEF9A00A5F392 /* Debug */ = {
			isa = XCBuildConfiguration;
			buildSettings = {
				BUNDLE_LOADER = "$(TEST_HOST)";
				FRAMEWORK_SEARCH_PATHS = (
					"$(SDKROOT)/Developer/Library/Frameworks",
					"$(inherited)",
				);
				GCC_PREPROCESSOR_DEFINITIONS = (
					"DEBUG=1",
					"$(inherited)",
				);
				INFOPLIST_FILE = "Basketball Robot ControllerTests/Info.plist";
				LD_RUNPATH_SEARCH_PATHS = "$(inherited) @executable_path/Frameworks @loader_path/Frameworks";
				PRODUCT_NAME = "$(TARGET_NAME)";
				TEST_HOST = "$(BUILT_PRODUCTS_DIR)/Basketball Robot Controller.app/Basketball Robot Controller";
			};
			name = Debug;
		};
		F3DD543F19FAEF9A00A5F392 /* Release */ = {
			isa = XCBuildConfiguration;
			buildSettings = {
				BUNDLE_LOADER = "$(TEST_HOST)";
				FRAMEWORK_SEARCH_PATHS = (
					"$(SDKROOT)/Developer/Library/Frameworks",
					"$(inherited)",
				);
				INFOPLIST_FILE = "Basketball Robot ControllerTests/Info.plist";
				LD_RUNPATH_SEARCH_PATHS = "$(inherited) @executable_path/Frameworks @loader_path/Frameworks";
				PRODUCT_NAME = "$(TARGET_NAME)";
				TEST_HOST = "$(BUILT_PRODUCTS_DIR)/Basketball Robot Controller.app/Basketball Robot Controller";
			};
			name = Release;
		};
/* End XCBuildConfiguration section */

/* Begin XCConfigurationList section */
		F3DD541219FAEF9A00A5F392 /* Build configuration list for PBXProject "Basketball Robot Controller" */ = {
			isa = XCConfigurationList;
			buildConfigurations = (
				F3DD543819FAEF9A00A5F392 /* Debug */,
				F3DD543919FAEF9A00A5F392 /* Release */,
			);
			defaultConfigurationIsVisible = 0;
			defaultConfigurationName = Release;
		};
		F3DD543A19FAEF9A00A5F392 /* Build configuration list for PBXNativeTarget "Basketball Robot Controller" */ = {
			isa = XCConfigurationList;
			buildConfigurations = (
				F3DD543B19FAEF9A00A5F392 /* Debug */,
				F3DD543C19FAEF9A00A5F392 /* Release */,
			);
			defaultConfigurationIsVisible = 0;
		};
		F3DD543D19FAEF9A00A5F392 /* Build configuration list for PBXNativeTarget "Basketball Robot ControllerTests" */ = {
			isa = XCConfigurationList;
			buildConfigurations = (
				F3DD543E19FAEF9A00A5F392 /* Debug */,
				F3DD543F19FAEF9A00A5F392 /* Release */,
			);
			defaultConfigurationIsVisible = 0;
		};
/* End XCConfigurationList section */
	};
	rootObject = F3DD540F19FAEF9A00A5F392 /* Project object */;
}
